// !$*UTF8*$!
{
	archiveVersion = 1;
	classes = {
	};
	objectVersion = 77;
	objects = {

/* Begin PBXBuildFile section */
		0EA88D7E443B53F5B51DFF3D /* TimetableGridView.swift in Sources */ = {isa = PBXBuildFile; fileRef = 104C8F8D267B7C8DBF48B2C4 /* TimetableGridView.swift */; };
		108F85A9A37FAE8F0DF10563 /* TravelDetails.swift in Sources */ = {isa = PBXBuildFile; fileRef = 5B4007CA11A5BE65614267C5 /* TravelDetails.swift */; };
		10FC12EDCF8E6B2A463B2383 /* JournalEntryRowView.swift in Sources */ = {isa = PBXBuildFile; fileRef = 232FAF520AA84B8B9D3DE482 /* JournalEntryRowView.swift */; };
		1DA82E73E85651B894CDCF8D /* FestivalSet.swift in Sources */ = {isa = PBXBuildFile; fileRef = 5A7B85AD9AC81797A21BC46D /* FestivalSet.swift */; };
		1EC57D039FABE0A202B10D74 /* DiscoveryFilterSheet.swift in Sources */ = {isa = PBXBuildFile; fileRef = B2EC3B16F5FD96FB56C41CA9 /* DiscoveryFilterSheet.swift */; };
		24AC6F0C2B35775B3203A3F2 /* ConflictResolverView.swift in Sources */ = {isa = PBXBuildFile; fileRef = 98E7F1D2F59F53DC1957CEC7 /* ConflictResolverView.swift */; };
		25A642309D54F9DE79455923 /* JournalStore.swift in Sources */ = {isa = PBXBuildFile; fileRef = FA46B93C1BF99E93FDBFF509 /* JournalStore.swift */; };
		2B0667FA66FAA93D80B5139C /* Festival.swift in Sources */ = {isa = PBXBuildFile; fileRef = 732DEC59A1F0450E87FF7750 /* Festival.swift */; };
		352E85D7976D6BC294615027 /* ArtistHistoryView.swift in Sources */ = {isa = PBXBuildFile; fileRef = 95E73A1470AFBEE1FA4D1729 /* ArtistHistoryView.swift */; };
		3B1A71C27157B66C3FBDC5AE /* StorageKey.swift in Sources */ = {isa = PBXBuildFile; fileRef = 042423A15ADEAFA899C9A04E /* StorageKey.swift */; };
		42BD2FBEA4BBFF5BFC9CC621 /* SetJournalEntryView.swift in Sources */ = {isa = PBXBuildFile; fileRef = CA97C90921224D9FE85340A4 /* SetJournalEntryView.swift */; };
		492991EBFD27A4AB945E6897 /* ArtistSearchView.swift in Sources */ = {isa = PBXBuildFile; fileRef = FBCCD87DEE127867B1280AD9 /* ArtistSearchView.swift */; };
		5056C05E9FD9AA69AA873399 /* FestivalCardView.swift in Sources */ = {isa = PBXBuildFile; fileRef = A99993988A35F6B326D762B5 /* FestivalCardView.swift */; };
		55528231C66434E06378605A /* ArtistCardView.swift in Sources */ = {isa = PBXBuildFile; fileRef = D379FBFDC5B1FF49B414FB46 /* ArtistCardView.swift */; };
		592BB7C86BF76375B1D98A35 /* EditProfileView.swift in Sources */ = {isa = PBXBuildFile; fileRef = D9812ACE2B95E30C9E0C9AE1 /* EditProfileView.swift */; };
		5E5C4E127E1C0B0C4A110980 /* StageWalkTime.swift in Sources */ = {isa = PBXBuildFile; fileRef = A8C2010D48C2966C1FEEB214 /* StageWalkTime.swift */; };
		78BBA8B29C668B07C4958122 /* ProfileView.swift in Sources */ = {isa = PBXBuildFile; fileRef = B03DF5C06A9D22178BA6976E /* ProfileView.swift */; };
		7D2E31FCA3772567B5481F9D /* FestivalDetailView.swift in Sources */ = {isa = PBXBuildFile; fileRef = C6C29F4363C48499F67EBF82 /* FestivalDetailView.swift */; };
		87E16F269859CA5CD75D1661 /* HomeView.swift in Sources */ = {isa = PBXBuildFile; fileRef = D9A11CDD29394920DB746CB1 /* HomeView.swift */; };
		8879C303B70311A4D5F8EE61 /* DesignSystem.swift in Sources */ = {isa = PBXBuildFile; fileRef = DA249A9C590117F9B68E0EE3 /* DesignSystem.swift */; };
		910449AB643895D1BA6F9047 /* FestivalListView.swift in Sources */ = {isa = PBXBuildFile; fileRef = 548D6EC7D1035067273C270B /* FestivalListView.swift */; };
		9517BA6C5F17ADC6CFA6EAF7 /* CrewInviteView.swift in Sources */ = {isa = PBXBuildFile; fileRef = 473A11AAB366257A509A83A2 /* CrewInviteView.swift */; };
		98322A3C5682F2DBC0C6B1DB /* OnboardingView.swift in Sources */ = {isa = PBXBuildFile; fileRef = B4AEAFBCB3C648C68000AC4E /* OnboardingView.swift */; };
		9A76F24C66588961EDC38042 /* JournalEntry.swift in Sources */ = {isa = PBXBuildFile; fileRef = 5927E9C20447F9C5CE60F510 /* JournalEntry.swift */; };
		9D7E9BFC4C233D2A7E8D1A47 /* LineupStore.swift in Sources */ = {isa = PBXBuildFile; fileRef = BB4C4272B65E46E90693FABA /* LineupStore.swift */; };
		A009E9218797F01B697603F2 /* FestivalStore.swift in Sources */ = {isa = PBXBuildFile; fileRef = 7F2839101A1003CA13CBD92E /* FestivalStore.swift */; };
		A4CCD3B9ED812D8AACE0093D /* TravelDetailsView.swift in Sources */ = {isa = PBXBuildFile; fileRef = D70B1553B69710898C3F432F /* TravelDetailsView.swift */; };
		A5FF727B17B000303881082D /* NotificationsView.swift in Sources */ = {isa = PBXBuildFile; fileRef = E2D99DA89BA43991D704F062 /* NotificationsView.swift */; };
		AE7145041D190271EF8E2586 /* FestivalDiscoveryStore.swift in Sources */ = {isa = PBXBuildFile; fileRef = F523D1E0996415B29F93BEB5 /* FestivalDiscoveryStore.swift */; };
		AFED0403E09311B69FDEE767 /* RootView.swift in Sources */ = {isa = PBXBuildFile; fileRef = 36F35748E753CDB484FBB93F /* RootView.swift */; };
		B12529B436AE7B5C1A843FAC /* SetBlockView.swift in Sources */ = {isa = PBXBuildFile; fileRef = A48FFC90C22476AB2AAA8035 /* SetBlockView.swift */; };
		B3C4724F0853566CB9172989 /* GroupPlannerView.swift in Sources */ = {isa = PBXBuildFile; fileRef = DE9E4B6A5CA43F193C62BAEE /* GroupPlannerView.swift */; };
		B6D120D29BD9EF2B96E50DC6 /* AppColors.swift in Sources */ = {isa = PBXBuildFile; fileRef = EDF89FE7D1A434AEAA021AC2 /* AppColors.swift */; };
		B7CB3FD62E466E8E29327265 /* CrewStore.swift in Sources */ = {isa = PBXBuildFile; fileRef = 87734C51392AA5C1FD01E4EB /* CrewStore.swift */; };
		BA9D6D7CBBE8F440E7CFD7BE /* Assets.xcassets in Resources */ = {isa = PBXBuildFile; fileRef = 6EA90E983A71D5A2E63EF2AF /* Assets.xcassets */; };
		BE0C2651DB583E0D773E641E /* Crew.swift in Sources */ = {isa = PBXBuildFile; fileRef = B2CB2DB23E52493D1141533C /* Crew.swift */; };
		C33F910655984D814014E0C1 /* LineupView.swift in Sources */ = {isa = PBXBuildFile; fileRef = CB17FAC1272BE5FA11F7D2EE /* LineupView.swift */; };
		C705410C69BCB39C11D47216 /* ScheduleStore.swift in Sources */ = {isa = PBXBuildFile; fileRef = 4DECE0E5D18D519FAE08BAD6 /* ScheduleStore.swift */; };
		C83EBDF58C3576A6C1D8A77A /* MockData.swift in Sources */ = {isa = PBXBuildFile; fileRef = 096FAA414233C8D5C2F3494E /* MockData.swift */; };
		D4316FF49FF93A8986FB0551 /* WalkTimeView.swift in Sources */ = {isa = PBXBuildFile; fileRef = 037CBF21861AB19A30A1D0C4 /* WalkTimeView.swift */; };
		D8B6E159C13A434E6FF3633D /* CrewAvatarBubble.swift in Sources */ = {isa = PBXBuildFile; fileRef = EAEC8ABBA04682E43D11CAC9 /* CrewAvatarBubble.swift */; };
		D92B3BC5487D851AE73AE345 /* CrewManageView.swift in Sources */ = {isa = PBXBuildFile; fileRef = 95A13105E2AB596656C4406D /* CrewManageView.swift */; };
		DF7E741711E64B80D79C3547 /* GenreTaxonomy.swift in Sources */ = {isa = PBXBuildFile; fileRef = 48531BB4AC1C87907B74D789 /* GenreTaxonomy.swift */; };
		E6F2044B3694ABD7AE7F9CAE /* Artist.swift in Sources */ = {isa = PBXBuildFile; fileRef = 7F9F1ADB1F5E205566D56FB0 /* Artist.swift */; };
		E7E7DB8E29B6C6B855F42B7F /* ArtistDetailView.swift in Sources */ = {isa = PBXBuildFile; fileRef = 36C25767EF337709F0250441 /* ArtistDetailView.swift */; };
		ED1B99252DA9CC959356D14A /* SeenTrackerView.swift in Sources */ = {isa = PBXBuildFile; fileRef = A003AD9221CD6627DA1465F5 /* SeenTrackerView.swift */; };
		F98169FA8FA1094319AB9D6A /* EncoreApp.swift in Sources */ = {isa = PBXBuildFile; fileRef = 8B17A25CA0297C42746F98AF /* EncoreApp.swift */; };
/* End PBXBuildFile section */

/* Begin PBXFileReference section */
		037CBF21861AB19A30A1D0C4 /* WalkTimeView.swift */ = {isa = PBXFileReference; lastKnownFileType = sourcecode.swift; path = WalkTimeView.swift; sourceTree = "<group>"; };
		042423A15ADEAFA899C9A04E /* StorageKey.swift */ = {isa = PBXFileReference; lastKnownFileType = sourcecode.swift; path = StorageKey.swift; sourceTree = "<group>"; };
		096FAA414233C8D5C2F3494E /* MockData.swift */ = {isa = PBXFileReference; lastKnownFileType = sourcecode.swift; path = MockData.swift; sourceTree = "<group>"; };
		0CFADA0032C34118FBF0FA12 /* Encore.app */ = {isa = PBXFileReference; includeInIndex = 0; lastKnownFileType = wrapper.application; path = Encore.app; sourceTree = BUILT_PRODUCTS_DIR; };
		104C8F8D267B7C8DBF48B2C4 /* TimetableGridView.swift */ = {isa = PBXFileReference; lastKnownFileType = sourcecode.swift; path = TimetableGridView.swift; sourceTree = "<group>"; };
		232FAF520AA84B8B9D3DE482 /* JournalEntryRowView.swift */ = {isa = PBXFileReference; lastKnownFileType = sourcecode.swift; path = JournalEntryRowView.swift; sourceTree = "<group>"; };
		36C25767EF337709F0250441 /* ArtistDetailView.swift */ = {isa = PBXFileReference; lastKnownFileType = sourcecode.swift; path = ArtistDetailView.swift; sourceTree = "<group>"; };
		36F35748E753CDB484FBB93F /* RootView.swift */ = {isa = PBXFileReference; lastKnownFileType = sourcecode.swift; path = RootView.swift; sourceTree = "<group>"; };
		473A11AAB366257A509A83A2 /* CrewInviteView.swift */ = {isa = PBXFileReference; lastKnownFileType = sourcecode.swift; path = CrewInviteView.swift; sourceTree = "<group>"; };
		48531BB4AC1C87907B74D789 /* GenreTaxonomy.swift */ = {isa = PBXFileReference; lastKnownFileType = sourcecode.swift; path = GenreTaxonomy.swift; sourceTree = "<group>"; };
		4DECE0E5D18D519FAE08BAD6 /* ScheduleStore.swift */ = {isa = PBXFileReference; lastKnownFileType = sourcecode.swift; path = ScheduleStore.swift; sourceTree = "<group>"; };
		548D6EC7D1035067273C270B /* FestivalListView.swift */ = {isa = PBXFileReference; lastKnownFileType = sourcecode.swift; path = FestivalListView.swift; sourceTree = "<group>"; };
		5927E9C20447F9C5CE60F510 /* JournalEntry.swift */ = {isa = PBXFileReference; lastKnownFileType = sourcecode.swift; path = JournalEntry.swift; sourceTree = "<group>"; };
		5A7B85AD9AC81797A21BC46D /* FestivalSet.swift */ = {isa = PBXFileReference; lastKnownFileType = sourcecode.swift; path = FestivalSet.swift; sourceTree = "<group>"; };
		5B4007CA11A5BE65614267C5 /* TravelDetails.swift */ = {isa = PBXFileReference; lastKnownFileType = sourcecode.swift; path = TravelDetails.swift; sourceTree = "<group>"; };
		6EA90E983A71D5A2E63EF2AF /* Assets.xcassets */ = {isa = PBXFileReference; lastKnownFileType = folder.assetcatalog; path = Assets.xcassets; sourceTree = "<group>"; };
		732DEC59A1F0450E87FF7750 /* Festival.swift */ = {isa = PBXFileReference; lastKnownFileType = sourcecode.swift; path = Festival.swift; sourceTree = "<group>"; };
		7F2839101A1003CA13CBD92E /* FestivalStore.swift */ = {isa = PBXFileReference; lastKnownFileType = sourcecode.swift; path = FestivalStore.swift; sourceTree = "<group>"; };
		7F9F1ADB1F5E205566D56FB0 /* Artist.swift */ = {isa = PBXFileReference; lastKnownFileType = sourcecode.swift; path = Artist.swift; sourceTree = "<group>"; };
		7FA01B1207F67F10F2F9B2CA /* Info.plist */ = {isa = PBXFileReference; lastKnownFileType = text.plist; path = Info.plist; sourceTree = "<group>"; };
		87734C51392AA5C1FD01E4EB /* CrewStore.swift */ = {isa = PBXFileReference; lastKnownFileType = sourcecode.swift; path = CrewStore.swift; sourceTree = "<group>"; };
		8B17A25CA0297C42746F98AF /* EncoreApp.swift */ = {isa = PBXFileReference; lastKnownFileType = sourcecode.swift; path = EncoreApp.swift; sourceTree = "<group>"; };
		95A13105E2AB596656C4406D /* CrewManageView.swift */ = {isa = PBXFileReference; lastKnownFileType = sourcecode.swift; path = CrewManageView.swift; sourceTree = "<group>"; };
		95E73A1470AFBEE1FA4D1729 /* ArtistHistoryView.swift */ = {isa = PBXFileReference; lastKnownFileType = sourcecode.swift; path = ArtistHistoryView.swift; sourceTree = "<group>"; };
		98E7F1D2F59F53DC1957CEC7 /* ConflictResolverView.swift */ = {isa = PBXFileReference; lastKnownFileType = sourcecode.swift; path = ConflictResolverView.swift; sourceTree = "<group>"; };
		A003AD9221CD6627DA1465F5 /* SeenTrackerView.swift */ = {isa = PBXFileReference; lastKnownFileType = sourcecode.swift; path = SeenTrackerView.swift; sourceTree = "<group>"; };
		A48FFC90C22476AB2AAA8035 /* SetBlockView.swift */ = {isa = PBXFileReference; lastKnownFileType = sourcecode.swift; path = SetBlockView.swift; sourceTree = "<group>"; };
		A8C2010D48C2966C1FEEB214 /* StageWalkTime.swift */ = {isa = PBXFileReference; lastKnownFileType = sourcecode.swift; path = StageWalkTime.swift; sourceTree = "<group>"; };
		A99993988A35F6B326D762B5 /* FestivalCardView.swift */ = {isa = PBXFileReference; lastKnownFileType = sourcecode.swift; path = FestivalCardView.swift; sourceTree = "<group>"; };
		B03DF5C06A9D22178BA6976E /* ProfileView.swift */ = {isa = PBXFileReference; lastKnownFileType = sourcecode.swift; path = ProfileView.swift; sourceTree = "<group>"; };
		B2CB2DB23E52493D1141533C /* Crew.swift */ = {isa = PBXFileReference; lastKnownFileType = sourcecode.swift; path = Crew.swift; sourceTree = "<group>"; };
		B2EC3B16F5FD96FB56C41CA9 /* DiscoveryFilterSheet.swift */ = {isa = PBXFileReference; lastKnownFileType = sourcecode.swift; path = DiscoveryFilterSheet.swift; sourceTree = "<group>"; };
		B4AEAFBCB3C648C68000AC4E /* OnboardingView.swift */ = {isa = PBXFileReference; lastKnownFileType = sourcecode.swift; path = OnboardingView.swift; sourceTree = "<group>"; };
		BB4C4272B65E46E90693FABA /* LineupStore.swift */ = {isa = PBXFileReference; lastKnownFileType = sourcecode.swift; path = LineupStore.swift; sourceTree = "<group>"; };
		C6C29F4363C48499F67EBF82 /* FestivalDetailView.swift */ = {isa = PBXFileReference; lastKnownFileType = sourcecode.swift; path = FestivalDetailView.swift; sourceTree = "<group>"; };
		CA97C90921224D9FE85340A4 /* SetJournalEntryView.swift */ = {isa = PBXFileReference; lastKnownFileType = sourcecode.swift; path = SetJournalEntryView.swift; sourceTree = "<group>"; };
		CB17FAC1272BE5FA11F7D2EE /* LineupView.swift */ = {isa = PBXFileReference; lastKnownFileType = sourcecode.swift; path = LineupView.swift; sourceTree = "<group>"; };
		D379FBFDC5B1FF49B414FB46 /* ArtistCardView.swift */ = {isa = PBXFileReference; lastKnownFileType = sourcecode.swift; path = ArtistCardView.swift; sourceTree = "<group>"; };
		D70B1553B69710898C3F432F /* TravelDetailsView.swift */ = {isa = PBXFileReference; lastKnownFileType = sourcecode.swift; path = TravelDetailsView.swift; sourceTree = "<group>"; };
		D9812ACE2B95E30C9E0C9AE1 /* EditProfileView.swift */ = {isa = PBXFileReference; lastKnownFileType = sourcecode.swift; path = EditProfileView.swift; sourceTree = "<group>"; };
		D9A11CDD29394920DB746CB1 /* HomeView.swift */ = {isa = PBXFileReference; lastKnownFileType = sourcecode.swift; path = HomeView.swift; sourceTree = "<group>"; };
		DA249A9C590117F9B68E0EE3 /* DesignSystem.swift */ = {isa = PBXFileReference; lastKnownFileType = sourcecode.swift; path = DesignSystem.swift; sourceTree = "<group>"; };
		DE9E4B6A5CA43F193C62BAEE /* GroupPlannerView.swift */ = {isa = PBXFileReference; lastKnownFileType = sourcecode.swift; path = GroupPlannerView.swift; sourceTree = "<group>"; };
		E2D99DA89BA43991D704F062 /* NotificationsView.swift */ = {isa = PBXFileReference; lastKnownFileType = sourcecode.swift; path = NotificationsView.swift; sourceTree = "<group>"; };
		EAEC8ABBA04682E43D11CAC9 /* CrewAvatarBubble.swift */ = {isa = PBXFileReference; lastKnownFileType = sourcecode.swift; path = CrewAvatarBubble.swift; sourceTree = "<group>"; };
		EDF89FE7D1A434AEAA021AC2 /* AppColors.swift */ = {isa = PBXFileReference; lastKnownFileType = sourcecode.swift; path = AppColors.swift; sourceTree = "<group>"; };
		F523D1E0996415B29F93BEB5 /* FestivalDiscoveryStore.swift */ = {isa = PBXFileReference; lastKnownFileType = sourcecode.swift; path = FestivalDiscoveryStore.swift; sourceTree = "<group>"; };
		FA46B93C1BF99E93FDBFF509 /* JournalStore.swift */ = {isa = PBXFileReference; lastKnownFileType = sourcecode.swift; path = JournalStore.swift; sourceTree = "<group>"; };
		FBCCD87DEE127867B1280AD9 /* ArtistSearchView.swift */ = {isa = PBXFileReference; lastKnownFileType = sourcecode.swift; path = ArtistSearchView.swift; sourceTree = "<group>"; };
/* End PBXFileReference section */

/* Begin PBXGroup section */
		079D3E89B43998CA6D4C1297 /* Models */ = {
			isa = PBXGroup;
			children = (
				7F9F1ADB1F5E205566D56FB0 /* Artist.swift */,
				B2CB2DB23E52493D1141533C /* Crew.swift */,
				732DEC59A1F0450E87FF7750 /* Festival.swift */,
				5A7B85AD9AC81797A21BC46D /* FestivalSet.swift */,
				48531BB4AC1C87907B74D789 /* GenreTaxonomy.swift */,
				5927E9C20447F9C5CE60F510 /* JournalEntry.swift */,
				096FAA414233C8D5C2F3494E /* MockData.swift */,
				A8C2010D48C2966C1FEEB214 /* StageWalkTime.swift */,
				5B4007CA11A5BE65614267C5 /* TravelDetails.swift */,
			);
			path = Models;
			sourceTree = "<group>";
		};
		1253FEF1DFC1D16E6D3A5919 /* Discover */ = {
			isa = PBXGroup;
			children = (
				FBCCD87DEE127867B1280AD9 /* ArtistSearchView.swift */,
				B2EC3B16F5FD96FB56C41CA9 /* DiscoveryFilterSheet.swift */,
				A99993988A35F6B326D762B5 /* FestivalCardView.swift */,
				C6C29F4363C48499F67EBF82 /* FestivalDetailView.swift */,
				548D6EC7D1035067273C270B /* FestivalListView.swift */,
			);
			path = Discover;
			sourceTree = "<group>";
		};
		1E1216D25B652EC6293868E1 /* Onboarding */ = {
			isa = PBXGroup;
			children = (
				B4AEAFBCB3C648C68000AC4E /* OnboardingView.swift */,
			);
			path = Onboarding;
			sourceTree = "<group>";
		};
		32F58346C9B046204B816F81 /* Journal */ = {
			isa = PBXGroup;
			children = (
				95E73A1470AFBEE1FA4D1729 /* ArtistHistoryView.swift */,
				232FAF520AA84B8B9D3DE482 /* JournalEntryRowView.swift */,
				A003AD9221CD6627DA1465F5 /* SeenTrackerView.swift */,
				CA97C90921224D9FE85340A4 /* SetJournalEntryView.swift */,
			);
			path = Journal;
			sourceTree = "<group>";
		};
		35D6C906490EC5D0AD6A063D /* Lineup */ = {
			isa = PBXGroup;
			children = (
				DE9E4B6A5CA43F193C62BAEE /* GroupPlannerView.swift */,
				CB17FAC1272BE5FA11F7D2EE /* LineupView.swift */,
				A48FFC90C22476AB2AAA8035 /* SetBlockView.swift */,
				104C8F8D267B7C8DBF48B2C4 /* TimetableGridView.swift */,
			);
			path = Lineup;
			sourceTree = "<group>";
		};
		462B7D1E1AE8F46876DC6FCA /* Home */ = {
			isa = PBXGroup;
			children = (
				D9A11CDD29394920DB746CB1 /* HomeView.swift */,
			);
			path = Home;
			sourceTree = "<group>";
		};
		4C6ADA152838F73947023822 /* Utilities */ = {
			isa = PBXGroup;
			children = (
				042423A15ADEAFA899C9A04E /* StorageKey.swift */,
			);
			path = Utilities;
			sourceTree = "<group>";
		};
		502D3CE5FBA38791A02E0C41 /* Views */ = {
			isa = PBXGroup;
			children = (
				B707219A94459DC8E797A4F4 /* Artist */,
				5AEA4BE06D40253C0DA40B1F /* Components */,
				1253FEF1DFC1D16E6D3A5919 /* Discover */,
				462B7D1E1AE8F46876DC6FCA /* Home */,
				32F58346C9B046204B816F81 /* Journal */,
				35D6C906490EC5D0AD6A063D /* Lineup */,
				1E1216D25B652EC6293868E1 /* Onboarding */,
				ADEA3A5665D46035D7F5AF0D /* Profile */,
				52D404C44D1DBBFB7681AB34 /* Schedule */,
			);
			path = Views;
			sourceTree = "<group>";
		};
		52D404C44D1DBBFB7681AB34 /* Schedule */ = {
			isa = PBXGroup;
			children = (
				98E7F1D2F59F53DC1957CEC7 /* ConflictResolverView.swift */,
				037CBF21861AB19A30A1D0C4 /* WalkTimeView.swift */,
			);
			path = Schedule;
			sourceTree = "<group>";
		};
		5AEA4BE06D40253C0DA40B1F /* Components */ = {
			isa = PBXGroup;
			children = (
				EAEC8ABBA04682E43D11CAC9 /* CrewAvatarBubble.swift */,
			);
			path = Components;
			sourceTree = "<group>";
		};
		7EDB68D3BFF22CB8F9F32947 /* App */ = {
			isa = PBXGroup;
			children = (
				8B17A25CA0297C42746F98AF /* EncoreApp.swift */,
				36F35748E753CDB484FBB93F /* RootView.swift */,
			);
			path = App;
			sourceTree = "<group>";
		};
		9D3AAB764FD151C5BEEAA832 /* DesignSystem */ = {
			isa = PBXGroup;
			children = (
				EDF89FE7D1A434AEAA021AC2 /* AppColors.swift */,
				DA249A9C590117F9B68E0EE3 /* DesignSystem.swift */,
			);
			path = DesignSystem;
			sourceTree = "<group>";
		};
		9D3D3B8EA95EF92661F69CEC /* Resources */ = {
			isa = PBXGroup;
			children = (
				6EA90E983A71D5A2E63EF2AF /* Assets.xcassets */,
			);
			path = Resources;
			sourceTree = "<group>";
		};
		ADEA3A5665D46035D7F5AF0D /* Profile */ = {
			isa = PBXGroup;
			children = (
				473A11AAB366257A509A83A2 /* CrewInviteView.swift */,
				95A13105E2AB596656C4406D /* CrewManageView.swift */,
				D9812ACE2B95E30C9E0C9AE1 /* EditProfileView.swift */,
				E2D99DA89BA43991D704F062 /* NotificationsView.swift */,
				B03DF5C06A9D22178BA6976E /* ProfileView.swift */,
				D70B1553B69710898C3F432F /* TravelDetailsView.swift */,
			);
			path = Profile;
			sourceTree = "<group>";
		};
		AFEC833D11883790D786AB1B = {
			isa = PBXGroup;
			children = (
				C2F7ED5F69ACFC06E782C40B /* Encore */,
				C3474C5C54BF2E11EE4D4459 /* Products */,
			);
			sourceTree = "<group>";
		};
		B707219A94459DC8E797A4F4 /* Artist */ = {
			isa = PBXGroup;
			children = (
				D379FBFDC5B1FF49B414FB46 /* ArtistCardView.swift */,
				36C25767EF337709F0250441 /* ArtistDetailView.swift */,
			);
			path = Artist;
			sourceTree = "<group>";
		};
		C2F7ED5F69ACFC06E782C40B /* Encore */ = {
			isa = PBXGroup;
			children = (
				7FA01B1207F67F10F2F9B2CA /* Info.plist */,
				7EDB68D3BFF22CB8F9F32947 /* App */,
				9D3AAB764FD151C5BEEAA832 /* DesignSystem */,
				079D3E89B43998CA6D4C1297 /* Models */,
				9D3D3B8EA95EF92661F69CEC /* Resources */,
				EE5E6EDC2D0009A98EEE7379 /* Stores */,
				4C6ADA152838F73947023822 /* Utilities */,
				502D3CE5FBA38791A02E0C41 /* Views */,
			);
			path = Encore;
			sourceTree = "<group>";
		};
		C3474C5C54BF2E11EE4D4459 /* Products */ = {
			isa = PBXGroup;
			children = (
				0CFADA0032C34118FBF0FA12 /* Encore.app */,
			);
			name = Products;
			sourceTree = "<group>";
		};
		EE5E6EDC2D0009A98EEE7379 /* Stores */ = {
			isa = PBXGroup;
			children = (
				87734C51392AA5C1FD01E4EB /* CrewStore.swift */,
				F523D1E0996415B29F93BEB5 /* FestivalDiscoveryStore.swift */,
				7F2839101A1003CA13CBD92E /* FestivalStore.swift */,
				FA46B93C1BF99E93FDBFF509 /* JournalStore.swift */,
				BB4C4272B65E46E90693FABA /* LineupStore.swift */,
				4DECE0E5D18D519FAE08BAD6 /* ScheduleStore.swift */,
			);
			path = Stores;
			sourceTree = "<group>";
		};
/* End PBXGroup section */

/* Begin PBXNativeTarget section */
		EAA55DCDFA2FD9949C431719 /* Encore */ = {
			isa = PBXNativeTarget;
			buildConfigurationList = 2986732DD6B642E8ABD76CCB /* Build configuration list for PBXNativeTarget "Encore" */;
			buildPhases = (
				A2FBD7A01A37E88E8F8EFF4F /* Sources */,
				99FB8F3F9B3B5D23D8A41BD4 /* Resources */,
			);
			buildRules = (
			);
			dependencies = (
			);
			name = Encore;
			packageProductDependencies = (
			);
			productName = Encore;
			productReference = 0CFADA0032C34118FBF0FA12 /* Encore.app */;
			productType = "com.apple.product-type.application";
		};
/* End PBXNativeTarget section */

/* Begin PBXProject section */
		B23BCAB4BB9E79232D1D07D9 /* Project object */ = {
			isa = PBXProject;
			attributes = {
				BuildIndependentTargetsInParallel = YES;
				LastUpgradeCheck = 1500;
				TargetAttributes = {
					EAA55DCDFA2FD9949C431719 = {
						ProvisioningStyle = Automatic;
					};
				};
			};
			buildConfigurationList = A3BA67D442C9B23D93F4838E /* Build configuration list for PBXProject "Encore" */;
			developmentRegion = en;
			hasScannedForEncodings = 0;
			knownRegions = (
				Base,
				en,
			);
			mainGroup = AFEC833D11883790D786AB1B;
			minimizedProjectReferenceProxies = 1;
			preferredProjectObjectVersion = 77;
			productRefGroup = C3474C5C54BF2E11EE4D4459 /* Products */;
			projectDirPath = "";
			projectRoot = "";
			targets = (
				EAA55DCDFA2FD9949C431719 /* Encore */,
			);
		};
/* End PBXProject section */

/* Begin PBXResourcesBuildPhase section */
		99FB8F3F9B3B5D23D8A41BD4 /* Resources */ = {
			isa = PBXResourcesBuildPhase;
			buildActionMask = 2147483647;
			files = (
				BA9D6D7CBBE8F440E7CFD7BE /* Assets.xcassets in Resources */,
			);
			runOnlyForDeploymentPostprocessing = 0;
		};
/* End PBXResourcesBuildPhase section */

/* Begin PBXSourcesBuildPhase section */
		A2FBD7A01A37E88E8F8EFF4F /* Sources */ = {
			isa = PBXSourcesBuildPhase;
			buildActionMask = 2147483647;
			files = (
				B6D120D29BD9EF2B96E50DC6 /* AppColors.swift in Sources */,
				E6F2044B3694ABD7AE7F9CAE /* Artist.swift in Sources */,
				55528231C66434E06378605A /* ArtistCardView.swift in Sources */,
				E7E7DB8E29B6C6B855F42B7F /* ArtistDetailView.swift in Sources */,
				352E85D7976D6BC294615027 /* ArtistHistoryView.swift in Sources */,
				492991EBFD27A4AB945E6897 /* ArtistSearchView.swift in Sources */,
				24AC6F0C2B35775B3203A3F2 /* ConflictResolverView.swift in Sources */,
				BE0C2651DB583E0D773E641E /* Crew.swift in Sources */,
				D8B6E159C13A434E6FF3633D /* CrewAvatarBubble.swift in Sources */,
				9517BA6C5F17ADC6CFA6EAF7 /* CrewInviteView.swift in Sources */,
				D92B3BC5487D851AE73AE345 /* CrewManageView.swift in Sources */,
				B7CB3FD62E466E8E29327265 /* CrewStore.swift in Sources */,
				8879C303B70311A4D5F8EE61 /* DesignSystem.swift in Sources */,
				1EC57D039FABE0A202B10D74 /* DiscoveryFilterSheet.swift in Sources */,
				592BB7C86BF76375B1D98A35 /* EditProfileView.swift in Sources */,
				F98169FA8FA1094319AB9D6A /* EncoreApp.swift in Sources */,
				2B0667FA66FAA93D80B5139C /* Festival.swift in Sources */,
				5056C05E9FD9AA69AA873399 /* FestivalCardView.swift in Sources */,
				7D2E31FCA3772567B5481F9D /* FestivalDetailView.swift in Sources */,
				AE7145041D190271EF8E2586 /* FestivalDiscoveryStore.swift in Sources */,
				910449AB643895D1BA6F9047 /* FestivalListView.swift in Sources */,
				1DA82E73E85651B894CDCF8D /* FestivalSet.swift in Sources */,
				A009E9218797F01B697603F2 /* FestivalStore.swift in Sources */,
				DF7E741711E64B80D79C3547 /* GenreTaxonomy.swift in Sources */,
				B3C4724F0853566CB9172989 /* GroupPlannerView.swift in Sources */,
				87E16F269859CA5CD75D1661 /* HomeView.swift in Sources */,
				9A76F24C66588961EDC38042 /* JournalEntry.swift in Sources */,
				10FC12EDCF8E6B2A463B2383 /* JournalEntryRowView.swift in Sources */,
				25A642309D54F9DE79455923 /* JournalStore.swift in Sources */,
				9D7E9BFC4C233D2A7E8D1A47 /* LineupStore.swift in Sources */,
				C33F910655984D814014E0C1 /* LineupView.swift in Sources */,
				C83EBDF58C3576A6C1D8A77A /* MockData.swift in Sources */,
				A5FF727B17B000303881082D /* NotificationsView.swift in Sources */,
				98322A3C5682F2DBC0C6B1DB /* OnboardingView.swift in Sources */,
				78BBA8B29C668B07C4958122 /* ProfileView.swift in Sources */,
				AFED0403E09311B69FDEE767 /* RootView.swift in Sources */,
				C705410C69BCB39C11D47216 /* ScheduleStore.swift in Sources */,
				ED1B99252DA9CC959356D14A /* SeenTrackerView.swift in Sources */,
				B12529B436AE7B5C1A843FAC /* SetBlockView.swift in Sources */,
				42BD2FBEA4BBFF5BFC9CC621 /* SetJournalEntryView.swift in Sources */,
				5E5C4E127E1C0B0C4A110980 /* StageWalkTime.swift in Sources */,
				3B1A71C27157B66C3FBDC5AE /* StorageKey.swift in Sources */,
				0EA88D7E443B53F5B51DFF3D /* TimetableGridView.swift in Sources */,
				108F85A9A37FAE8F0DF10563 /* TravelDetails.swift in Sources */,
				A4CCD3B9ED812D8AACE0093D /* TravelDetailsView.swift in Sources */,
				D4316FF49FF93A8986FB0551 /* WalkTimeView.swift in Sources */,
			);
			runOnlyForDeploymentPostprocessing = 0;
		};
/* End PBXSourcesBuildPhase section */

/* Begin XCBuildConfiguration section */
		1AB39BC92391010497D5D12D /* Release */ = {
			isa = XCBuildConfiguration;
			buildSettings = {
				ALWAYS_SEARCH_USER_PATHS = NO;
				CLANG_ANALYZER_NONNULL = YES;
				CLANG_ANALYZER_NUMBER_OBJECT_CONVERSION = YES_AGGRESSIVE;
				CLANG_CXX_LANGUAGE_STANDARD = "gnu++14";
				CLANG_CXX_LIBRARY = "libc++";
				CLANG_ENABLE_MODULES = YES;
				CLANG_ENABLE_OBJC_ARC = YES;
				CLANG_ENABLE_OBJC_WEAK = YES;
				CLANG_WARN_BLOCK_CAPTURE_AUTORELEASING = YES;
				CLANG_WARN_BOOL_CONVERSION = YES;
				CLANG_WARN_COMMA = YES;
				CLANG_WARN_CONSTANT_CONVERSION = YES;
				CLANG_WARN_DEPRECATED_OBJC_IMPLEMENTATIONS = YES;
				CLANG_WARN_DIRECT_OBJC_ISA_USAGE = YES_ERROR;
				CLANG_WARN_DOCUMENTATION_COMMENTS = YES;
				CLANG_WARN_EMPTY_BODY = YES;
				CLANG_WARN_ENUM_CONVERSION = YES;
				CLANG_WARN_INFINITE_RECURSION = YES;
				CLANG_WARN_INT_CONVERSION = YES;
				CLANG_WARN_NON_LITERAL_NULL_CONVERSION = YES;
				CLANG_WARN_OBJC_IMPLICIT_RETAIN_SELF = YES;
				CLANG_WARN_OBJC_LITERAL_CONVERSION = YES;
				CLANG_WARN_OBJC_ROOT_CLASS = YES_ERROR;
				CLANG_WARN_QUOTED_INCLUDE_IN_FRAMEWORK_HEADER = YES;
				CLANG_WARN_RANGE_LOOP_ANALYSIS = YES;
				CLANG_WARN_STRICT_PROTOTYPES = YES;
				CLANG_WARN_SUSPICIOUS_MOVE = YES;
				CLANG_WARN_UNGUARDED_AVAILABILITY = YES_AGGRESSIVE;
				CLANG_WARN_UNREACHABLE_CODE = YES;
				CLANG_WARN__DUPLICATE_METHOD_MATCH = YES;
				COPY_PHASE_STRIP = NO;
				CURRENT_PROJECT_VERSION = 1;
				DEBUG_INFORMATION_FORMAT = "dwarf-with-dsym";
				ENABLE_NS_ASSERTIONS = NO;
				ENABLE_STRICT_OBJC_MSGSEND = YES;
				GCC_C_LANGUAGE_STANDARD = gnu11;
				GCC_NO_COMMON_BLOCKS = YES;
				GCC_WARN_64_TO_32_BIT_CONVERSION = YES;
				GCC_WARN_ABOUT_RETURN_TYPE = YES_ERROR;
				GCC_WARN_UNDECLARED_SELECTOR = YES;
				GCC_WARN_UNINITIALIZED_AUTOS = YES_AGGRESSIVE;
				GCC_WARN_UNUSED_FUNCTION = YES;
				GCC_WARN_UNUSED_VARIABLE = YES;
				IPHONEOS_DEPLOYMENT_TARGET = 16.0;
				MARKETING_VERSION = 1.0.0;
				MTL_ENABLE_DEBUG_INFO = NO;
				MTL_FAST_MATH = YES;
				PRODUCT_NAME = "$(TARGET_NAME)";
				SDKROOT = iphoneos;
				SWIFT_COMPILATION_MODE = wholemodule;
				SWIFT_OPTIMIZATION_LEVEL = "-O";
				SWIFT_VERSION = 5.9;
			};
			name = Release;
		};
		378028BBD2D26DC5478CB775 /* Release */ = {
			isa = XCBuildConfiguration;
			buildSettings = {
				ASSETCATALOG_COMPILER_APPICON_NAME = AppIcon;
				CODE_SIGN_IDENTITY = "iPhone Developer";
				CODE_SIGN_STYLE = Automatic;
				INFOPLIST_FILE = Encore/Info.plist;
				LD_RUNPATH_SEARCH_PATHS = (
					"$(inherited)",
					"@executable_path/Frameworks",
				);
				PRODUCT_BUNDLE_IDENTIFIER = com.encore.app;
				SDKROOT = iphoneos;
				TARGETED_DEVICE_FAMILY = "1,2";
			};
			name = Release;
		};
		40C125EE1AE1C528EE558F9E /* Debug */ = {
			isa = XCBuildConfiguration;
			buildSettings = {
				ALWAYS_SEARCH_USER_PATHS = NO;
				CLANG_ANALYZER_NONNULL = YES;
				CLANG_ANALYZER_NUMBER_OBJECT_CONVERSION = YES_AGGRESSIVE;
				CLANG_CXX_LANGUAGE_STANDARD = "gnu++14";
				CLANG_CXX_LIBRARY = "libc++";
				CLANG_ENABLE_MODULES = YES;
				CLANG_ENABLE_OBJC_ARC = YES;
				CLANG_ENABLE_OBJC_WEAK = YES;
				CLANG_WARN_BLOCK_CAPTURE_AUTORELEASING = YES;
				CLANG_WARN_BOOL_CONVERSION = YES;
				CLANG_WARN_COMMA = YES;
				CLANG_WARN_CONSTANT_CONVERSION = YES;
				CLANG_WARN_DEPRECATED_OBJC_IMPLEMENTATIONS = YES;
				CLANG_WARN_DIRECT_OBJC_ISA_USAGE = YES_ERROR;
				CLANG_WARN_DOCUMENTATION_COMMENTS = YES;
				CLANG_WARN_EMPTY_BODY = YES;
				CLANG_WARN_ENUM_CONVERSION = YES;
				CLANG_WARN_INFINITE_RECURSION = YES;
				CLANG_WARN_INT_CONVERSION = YES;
				CLANG_WARN_NON_LITERAL_NULL_CONVERSION = YES;
				CLANG_WARN_OBJC_IMPLICIT_RETAIN_SELF = YES;
				CLANG_WARN_OBJC_LITERAL_CONVERSION = YES;
				CLANG_WARN_OBJC_ROOT_CLASS = YES_ERROR;
				CLANG_WARN_QUOTED_INCLUDE_IN_FRAMEWORK_HEADER = YES;
				CLANG_WARN_RANGE_LOOP_ANALYSIS = YES;
				CLANG_WARN_STRICT_PROTOTYPES = YES;
				CLANG_WARN_SUSPICIOUS_MOVE = YES;
				CLANG_WARN_UNGUARDED_AVAILABILITY = YES_AGGRESSIVE;
				CLANG_WARN_UNREACHABLE_CODE = YES;
				CLANG_WARN__DUPLICATE_METHOD_MATCH = YES;
				COPY_PHASE_STRIP = NO;
				CURRENT_PROJECT_VERSION = 1;
				DEBUG_INFORMATION_FORMAT = dwarf;
				ENABLE_STRICT_OBJC_MSGSEND = YES;
				ENABLE_TESTABILITY = YES;
				GCC_C_LANGUAGE_STANDARD = gnu11;
				GCC_DYNAMIC_NO_PIC = NO;
				GCC_NO_COMMON_BLOCKS = YES;
				GCC_OPTIMIZATION_LEVEL = 0;
				GCC_PREPROCESSOR_DEFINITIONS = (
					"$(inherited)",
					"DEBUG=1",
				);
				GCC_WARN_64_TO_32_BIT_CONVERSION = YES;
				GCC_WARN_ABOUT_RETURN_TYPE = YES_ERROR;
				GCC_WARN_UNDECLARED_SELECTOR = YES;
				GCC_WARN_UNINITIALIZED_AUTOS = YES_AGGRESSIVE;
				GCC_WARN_UNUSED_FUNCTION = YES;
				GCC_WARN_UNUSED_VARIABLE = YES;
				IPHONEOS_DEPLOYMENT_TARGET = 16.0;
				MARKETING_VERSION = 1.0.0;
				MTL_ENABLE_DEBUG_INFO = INCLUDE_SOURCE;
				MTL_FAST_MATH = YES;
				ONLY_ACTIVE_ARCH = YES;
				PRODUCT_NAME = "$(TARGET_NAME)";
				SDKROOT = iphoneos;
				SWIFT_ACTIVE_COMPILATION_CONDITIONS = DEBUG;
				SWIFT_OPTIMIZATION_LEVEL = "-Onone";
				SWIFT_VERSION = 5.9;
			};
			name = Debug;
		};
		F0F50DB3C57ACB6E904079F4 /* Debug */ = {
			isa = XCBuildConfiguration;
			buildSettings = {
				ASSETCATALOG_COMPILER_APPICON_NAME = AppIcon;
				CODE_SIGN_IDENTITY = "iPhone Developer";
				CODE_SIGN_STYLE = Automatic;
				INFOPLIST_FILE = Encore/Info.plist;
				LD_RUNPATH_SEARCH_PATHS = (
					"$(inherited)",
					"@executable_path/Frameworks",
				);
				PRODUCT_BUNDLE_IDENTIFIER = com.encore.app;
				SDKROOT = iphoneos;
				TARGETED_DEVICE_FAMILY = "1,2";
			};
			name = Debug;
		};
/* End XCBuildConfiguration section */

/* Begin XCConfigurationList section */
		2986732DD6B642E8ABD76CCB /* Build configuration list for PBXNativeTarget "Encore" */ = {
			isa = XCConfigurationList;
			buildConfigurations = (
				F0F50DB3C57ACB6E904079F4 /* Debug */,
				378028BBD2D26DC5478CB775 /* Release */,
			);
			defaultConfigurationIsVisible = 0;
			defaultConfigurationName = Debug;
		};
		A3BA67D442C9B23D93F4838E /* Build configuration list for PBXProject "Encore" */ = {
			isa = XCConfigurationList;
			buildConfigurations = (
				40C125EE1AE1C528EE558F9E /* Debug */,
				1AB39BC92391010497D5D12D /* Release */,
			);
			defaultConfigurationIsVisible = 0;
			defaultConfigurationName = Debug;
		};
/* End XCConfigurationList section */
	};
	rootObject = B23BCAB4BB9E79232D1D07D9 /* Project object */;
}
